
Microsoft Visual Studio Solution File, Format Version 12.00
# Visual Studio Version 16
VisualStudioVersion = 16.0.29613.14
MinimumVisualStudioVersion = 10.0.40219.1
Project("{9A19103F-16F7-4668-BE54-9A1E7A4F7556}") = "WebSHOPING", "WebSHOPING\WebSHOPING.csproj", "{6769C0AC-AB88-4C47-AF4B-28E55F02A5F0}"
EndProject
Global
	GlobalSection(SolutionConfigurationPlatforms) = preSolution
		Debug|Any CPU = Debug|Any CPU
		Release|Any CPU = Release|Any CPU
	EndGlobalSection
	GlobalSection(ProjectConfigurationPlatforms) = postSolution
		{6769C0AC-AB88-4C47-AF4B-28E55F02A5F0}.Debug|Any CPU.ActiveCfg = Debug|Any CPU
		{6769C0AC-AB88-4C47-AF4B-28E55F02A5F0}.Debug|Any CPU.Build.0 = Debug|Any CPU
		{6769C0AC-AB88-4C47-AF4B-28E55F02A5F0}.Release|Any CPU.ActiveCfg = Release|Any CPU
		{6769C0AC-AB88-4C47-AF4B-28E55F02A5F0}.Release|Any CPU.Build.0 = Release|Any CPU
	EndGlobalSection
	GlobalSection(SolutionProperties) = preSolution
		HideSolutionNode = FALSE
	EndGlobalSection
	GlobalSection(ExtensibilityGlobals) = postSolution
		SolutionGuid = {00BD9F8D-DF5F-4CF3-9FF2-2694F105F4FF}
	EndGlobalSection
EndGlobal
